PODS:
  - Alamofire (5.4.1)
  - AlamofireImage (4.2.0):
    - Alamofire (~> 5.4)
  - AppAuth (1.4.0):
    - AppAuth/Core (= 1.4.0)
    - AppAuth/ExternalUserAgent (= 1.4.0)
  - AppAuth/Core (1.4.0)
  - AppAuth/ExternalUserAgent (1.4.0)
  - Bolts (1.9.1):
    - Bolts/AppLinks (= 1.9.1)
    - Bolts/Tasks (= 1.9.1)
  - Bolts/AppLinks (1.9.1):
    - Bolts/Tasks
  - Bolts/Tasks (1.9.1)
  - Branch (1.39.3)
  - Facebook-iOS-SDK (4.38.0):
    - Bolts (~> 1.9)
    - Facebook-iOS-SDK/CoreKit (= 4.38.0)
    - Facebook-iOS-SDK/MarketingKit (= 4.38.0)
  - Facebook-iOS-SDK/CoreKit (4.38.0):
    - Bolts (~> 1.9)
    - FBSDKCoreKit
  - Facebook-iOS-SDK/MarketingKit (4.38.0):
    - Bolts (~> 1.9)
    - Facebook-iOS-SDK/CoreKit
    - FBSDKMarketingKit
  - FBSDKCoreKit (6.5.2):
    - FBSDKCoreKit/Basics (= 6.5.2)
    - FBSDKCoreKit/Core (= 6.5.2)
  - FBSDKCoreKit/Basics (6.5.2)
  - FBSDKCoreKit/Core (6.5.2):
    - FBSDKCoreKit/Basics
  - FBSDKCoreKit/Swift (6.5.2):
    - FBSDKCoreKit/Core
  - FBSDKLoginKit/Login (6.5.2):
    - FBSDKCoreKit (~> 6.5.2)
  - FBSDKLoginKit/Swift (6.5.2):
    - FBSDKCoreKit/Swift (~> 6.5.2)
    - FBSDKLoginKit/Login
  - FBSDKMarketingKit (6.5.2):
    - FBSDKCoreKit (~> 6.5.2)
  - Firebase/CoreOnly (7.5.0):
    - FirebaseCore (= 7.5.0)
  - Firebase/Messaging (7.5.0):
    - Firebase/CoreOnly
    - FirebaseMessaging (~> 7.5.0)
  - FirebaseCore (7.5.0):
    - FirebaseCoreDiagnostics (~> 7.4)
    - GoogleUtilities/Environment (~> 7.0)
    - GoogleUtilities/Logger (~> 7.0)
  - FirebaseCoreDiagnostics (7.5.0):
    - GoogleDataTransport (~> 8.0)
    - GoogleUtilities/Environment (~> 7.0)
    - GoogleUtilities/Logger (~> 7.0)
    - nanopb (~> 2.30907.0)
  - FirebaseInstallations (7.5.0):
    - FirebaseCore (~> 7.0)
    - GoogleUtilities/Environment (~> 7.0)
    - GoogleUtilities/UserDefaults (~> 7.0)
    - PromisesObjC (~> 1.2)
  - FirebaseInstanceID (7.5.0):
    - FirebaseCore (~> 7.0)
    - FirebaseInstallations (~> 7.0)
    - GoogleUtilities/Environment (~> 7.0)
    - GoogleUtilities/UserDefaults (~> 7.0)
  - FirebaseMessaging (7.5.0):
    - FirebaseCore (~> 7.0)
    - FirebaseInstanceID (~> 7.0)
    - GoogleUtilities/AppDelegateSwizzler (~> 7.0)
    - GoogleUtilities/Environment (~> 7.0)
    - GoogleUtilities/Reachability (~> 7.0)
    - GoogleUtilities/UserDefaults (~> 7.0)
  - GoogleDataTransport (8.2.0):
    - nanopb (~> 2.30907.0)
  - GoogleSignIn (6.0.2):
    - AppAuth (~> 1.4)
    - GTMAppAuth (~> 1.0)
    - GTMSessionFetcher/Core (~> 1.1)
  - GoogleUtilities/AppDelegateSwizzler (7.2.0):
    - GoogleUtilities/Environment
    - GoogleUtilities/Logger
    - GoogleUtilities/Network
  - GoogleUtilities/Environment (7.2.0):
    - PromisesObjC (~> 1.2)
  - GoogleUtilities/Logger (7.2.0):
    - GoogleUtilities/Environment
  - GoogleUtilities/Network (7.2.0):
    - GoogleUtilities/Logger
    - "GoogleUtilities/NSData+zlib"
    - GoogleUtilities/Reachability
  - "GoogleUtilities/NSData+zlib (7.2.0)"
  - GoogleUtilities/Reachability (7.2.0):
    - GoogleUtilities/Logger
  - GoogleUtilities/UserDefaults (7.2.0):
    - GoogleUtilities/Logger
  - GTMAppAuth (1.2.2):
    - AppAuth/Core (~> 1.4)
    - GTMSessionFetcher/Core (~> 1.5)
  - GTMSessionFetcher/Core (1.6.1)
  - IQKeyboardManagerSwift (6.5.6)
  - KlaviyoSwift (1.5.0)
  - nanopb (2.30907.0):
    - nanopb/decode (= 2.30907.0)
    - nanopb/encode (= 2.30907.0)
  - nanopb/decode (2.30907.0)
  - nanopb/encode (2.30907.0)
  - pop (1.0.12)
  - PromisesObjC (1.2.12)
  - Realm (10.5.1):
    - Realm/Headers (= 10.5.1)
  - Realm/Headers (10.5.1)
  - RealmSwift (10.5.1):
    - Realm (= 10.5.1)
  - SDWebImage (5.10.2):
    - SDWebImage/Core (= 5.10.2)
  - SDWebImage/Core (5.10.2)
  - SideMenuSwift (2.0.7)
  - SimpleAnimation (0.4.2)
  - TrueTime (5.0.3)
  - XLPagerTabStrip (9.0.0)

DEPENDENCIES:
  - Alamofire
  - AlamofireImage (~> 4.1)
  - Branch
  - Facebook-iOS-SDK (~> 4.38)
  - FBSDKCoreKit/Swift
  - FBSDKLoginKit/Swift
  - Firebase/Messaging
  - GoogleSignIn
  - IQKeyboardManagerSwift
  - KlaviyoSwift
  - pop (~> 1.0)
  - RealmSwift
  - SDWebImage
  - SideMenuSwift
  - SimpleAnimation
  - TrueTime
  - XLPagerTabStrip

SPEC REPOS:
  trunk:
    - Alamofire
    - AlamofireImage
    - AppAuth
    - Bolts
    - Branch
    - Facebook-iOS-SDK
    - FBSDKCoreKit
    - FBSDKLoginKit
    - FBSDKMarketingKit
    - Firebase
    - FirebaseCore
    - FirebaseCoreDiagnostics
    - FirebaseInstallations
    - FirebaseInstanceID
    - FirebaseMessaging
    - GoogleDataTransport
    - GoogleSignIn
    - GoogleUtilities
    - GTMAppAuth
    - GTMSessionFetcher
    - IQKeyboardManagerSwift
    - KlaviyoSwift
    - nanopb
    - pop
    - PromisesObjC
    - Realm
    - RealmSwift
    - SDWebImage
    - SideMenuSwift
    - SimpleAnimation
    - TrueTime
    - XLPagerTabStrip

SPEC CHECKSUMS:
  Alamofire: 2291f7d21ca607c491dd17642e5d40fdcda0e65c
  AlamofireImage: 34a2d90b0e5fe6a5605f85ae4b7b01e784c60192
  AppAuth: 31bcec809a638d7bd2f86ea8a52bd45f6e81e7c7
  Bolts: 8c1e8aab2f603387b8b9924f57d1d64f43d3ffdc
  Branch: 13df8e1a6985745a03389146df1eeda723645a97
  Facebook-iOS-SDK: 9077b67c4178ea46c62997bcf2b6314ca6555440
  FBSDKCoreKit: ada5c8a05188daefc9addb985c52b8a1b26da519
  FBSDKLoginKit: caa165495afa29a12324cb2307fe6e5b33783142
  FBSDKMarketingKit: 2c6f0e0e2c16179d8bdf9a4921e68500a4cce4d8
  Firebase: fd5e4d2b756292c6e7ee6faac1eb320225d6e97e
  FirebaseCore: 06a2b68af8901f2244eb989419eb89edc3789b4d
  FirebaseCoreDiagnostics: 35685db68b11fe7d19d2d8b557fd7e3a56ac81cc
  FirebaseInstallations: a46ae59915f0931e18814164849cd0354bea24ed
  FirebaseInstanceID: 47fcb3b70d6349cfd471f430b01bbd01a7698e8f
  FirebaseMessaging: a2a23671eb281b1eed38b155af8549b335a4a38b
  GoogleDataTransport: 1024b1a4dfbd7a0e92cb20d7e0a6f1fb66b449a4
  GoogleSignIn: fd381840dbe7c1137aa6dc30849a5c3e070c034a
  GoogleUtilities: d866834472f1324d080496bc67ab3ce5d0d46027
  GTMAppAuth: ad5c2b70b9a8689e1a04033c9369c4915bfcbe89
  GTMSessionFetcher: 36689134877faeb055b27dfa4ccc9ceaa42e029e
  IQKeyboardManagerSwift: c7df9d2deb356c04522f5c4b7b6e4ce4d8ed94fe
  KlaviyoSwift: 7627dd618a02c58b593f17e7be2018e545a4b33b
  nanopb: 59221d7f958fb711001e6a449489542d92ae113e
  pop: d582054913807fd11fd50bfe6a539d91c7e1a55a
  PromisesObjC: 3113f7f76903778cf4a0586bd1ab89329a0b7b97
  Realm: 77fcb4e0b9f2963ea06f584749a0d7dc9cab95e1
  RealmSwift: 6abe6aa6cd8b70cc1a87afcb9232cabea74ff1ac
  SDWebImage: b969dcfc02c40a5da71eac0b03b8f1a0c794a86f
  SideMenuSwift: ffbbc88d23741932177ad1320df837cedfb3bc5e
  SimpleAnimation: 5430010b9548f392e7459290acce01c9ceba7171
  TrueTime: b49551ffafb28a9dee04e51b226f42a416010842
  XLPagerTabStrip: 61c57fd61f611ee5f01ff1495ad6fbee8bf496c5

PODFILE CHECKSUM: 62d47287033795998930346523d8fb7b6e218ebe

COCOAPODS: 1.10.2
