{
  "pins" : [
    {
      "identity" : "swiftystorekit",
      "kind" : "remoteSourceControl",
      "location" : "https://github.com/bizz84/SwiftyStoreKit.git",
      "state" : {
        "revision" : "3b54c8eac2840b0cdd576634e83d9ebeb70f847c",
        "version" : "0.16.3"
      }
    }
  ],
  "version" : 2
}
